
Microsoft Visual Studio Solution File, Format Version 12.00
# Visual Studio 15
VisualStudioVersion = 15.0.26430.12
MinimumVisualStudioVersion = 10.0.40219.1
Project("{FAE04EC0-301F-11D3-BF4B-00C04F79EFBC}") = "需要App組態檔", "需要App組態檔\需要App組態檔.csproj", "{8A3E61A6-A124-43FD-9550-074624A63B8B}"
EndProject
Project("{FAE04EC0-301F-11D3-BF4B-00C04F79EFBC}") = "不需要App組態檔", "不需要App組態檔\不需要App組態檔.csproj", "{DEDB730C-885F-413E-81B1-49A30088564C}"
EndProject
Global
	GlobalSection(SolutionConfigurationPlatforms) = preSolution
		Debug|Any CPU = Debug|Any CPU
		Release|Any CPU = Release|Any CPU
	EndGlobalSection
	GlobalSection(ProjectConfigurationPlatforms) = postSolution
		{8A3E61A6-A124-43FD-9550-074624A63B8B}.Debug|Any CPU.ActiveCfg = Debug|Any CPU
		{8A3E61A6-A124-43FD-9550-074624A63B8B}.Debug|Any CPU.Build.0 = Debug|Any CPU
		{8A3E61A6-A124-43FD-9550-074624A63B8B}.Release|Any CPU.ActiveCfg = Release|Any CPU
		{8A3E61A6-A124-43FD-9550-074624A63B8B}.Release|Any CPU.Build.0 = Release|Any CPU
		{DEDB730C-885F-413E-81B1-49A30088564C}.Debug|Any CPU.ActiveCfg = Debug|Any CPU
		{DEDB730C-885F-413E-81B1-49A30088564C}.Debug|Any CPU.Build.0 = Debug|Any CPU
		{DEDB730C-885F-413E-81B1-49A30088564C}.Release|Any CPU.ActiveCfg = Release|Any CPU
		{DEDB730C-885F-413E-81B1-49A30088564C}.Release|Any CPU.Build.0 = Release|Any CPU
	EndGlobalSection
	GlobalSection(SolutionProperties) = preSolution
		HideSolutionNode = FALSE
	EndGlobalSection
EndGlobal
